# THIS IS AN AUTOGENERATED FILE. DO NOT EDIT THIS FILE DIRECTLY.
# yarn lockfile v1


"@prisma/client@3.5.0":
  version "3.5.0"
  resolved "https://registry.yarnpkg.com/@prisma/client/-/client-3.5.0.tgz#bb0c9c10fd9912209f5bfd01c1683094d8fa9a2d"
  integrity sha512-LuaaisknLe9CCfJ1Rtqe9b9knvPgEEcC77OMmWdo3fSanxl5oTDxcH3IIhpULQQlJfZvDcaEXuXNU4dsNF+q1w==
  dependencies:
    "@prisma/engines-version" "3.5.0-38.78a5df6def6943431f4c022e1428dbc3e833cf8e"

"@prisma/engines-version@3.5.0-38.78a5df6def6943431f4c022e1428dbc3e833cf8e":
  version "3.5.0-38.78a5df6def6943431f4c022e1428dbc3e833cf8e"
  resolved "https://registry.yarnpkg.com/@prisma/engines-version/-/engines-version-3.5.0-38.78a5df6def6943431f4c022e1428dbc3e833cf8e.tgz#254fdb80ae6db397ee1e638d12561f35d058e340"
  integrity sha512-X16YmBmj7Omso4ZbkNBe6gPYlNcnwZMUPtXsguCkn+KoMqm3DJD9M4X31gx0Gf13Q44dY3SKPJZUk44/XUj/WA==

"@prisma/engines@3.5.0-38.78a5df6def6943431f4c022e1428dbc3e833cf8e":
  version "3.5.0-38.78a5df6def6943431f4c022e1428dbc3e833cf8e"
  resolved "https://registry.yarnpkg.com/@prisma/engines/-/engines-3.5.0-38.78a5df6def6943431f4c022e1428dbc3e833cf8e.tgz#1873885836294060239f8a887452fd429dc03ae1"
  integrity sha512-MqZUrxuLlIbjB3wu8LrRJOKcvR4k3dunKoI4Q2bPfAwLQY0XlpsLZ3TRVW1c32ooVk939p6iGNkaCUo63Et36g==

prisma@3.5.0:
  version "3.5.0"
  resolved "https://registry.yarnpkg.com/prisma/-/prisma-3.5.0.tgz#3717368d75568b370869a5b588f688bd41a14130"
  integrity sha512-WEYQ+H98O0yigG+lI0gfh4iyBChvnM6QTXPDtY9eFraLXAmyb6tf/T2mUdrUAU1AEvHLVzQA5A+RpONZlQozBg==
  dependencies:
    "@prisma/engines" "3.5.0-38.78a5df6def6943431f4c022e1428dbc3e833cf8e"
